
Microsoft Visual Studio Solution File, Format Version 11.00
# Visual Studio 2010
Project("{FAE04EC0-301F-11D3-BF4B-00C04F79EFBC}") = "Starcraft2.ReplayParser", "Starcraft2.ReplayParser\Starcraft2.ReplayParser.csproj", "{AAF78D53-A1DA-424A-B1AA-09895EAB3B2B}"
EndProject
Project("{FAE04EC0-301F-11D3-BF4B-00C04F79EFBC}") = "Starcraft2.ReplayParser.TestApplication", "Starcraft2.ReplayParser.TestApplication\Starcraft2.ReplayParser.TestApplication.csproj", "{84FA2C3D-6B87-4FF3-8887-DA633AEB82F4}"
EndProject
Project("{FAE04EC0-301F-11D3-BF4B-00C04F79EFBC}") = "Starcraft2.ReplayParser.DataCompiler", "Starcraft2.ReplayParser.DataCompiler\Starcraft2.ReplayParser.DataCompiler.csproj", "{6582781B-BB53-4AB2-8676-61FC30286BA6}"
EndProject
Global
	GlobalSection(SolutionConfigurationPlatforms) = preSolution
		Debug|Any CPU = Debug|Any CPU
		Debug|Mixed Platforms = Debug|Mixed Platforms
		Debug|x86 = Debug|x86
		Release|Any CPU = Release|Any CPU
		Release|Mixed Platforms = Release|Mixed Platforms
		Release|x86 = Release|x86
	EndGlobalSection
	GlobalSection(ProjectConfigurationPlatforms) = postSolution
		{AAF78D53-A1DA-424A-B1AA-09895EAB3B2B}.Debug|Any CPU.ActiveCfg = Debug|Any CPU
		{AAF78D53-A1DA-424A-B1AA-09895EAB3B2B}.Debug|Any CPU.Build.0 = Debug|Any CPU
		{AAF78D53-A1DA-424A-B1AA-09895EAB3B2B}.Debug|Mixed Platforms.ActiveCfg = Debug|Any CPU
		{AAF78D53-A1DA-424A-B1AA-09895EAB3B2B}.Debug|Mixed Platforms.Build.0 = Debug|Any CPU
		{AAF78D53-A1DA-424A-B1AA-09895EAB3B2B}.Debug|x86.ActiveCfg = Debug|Any CPU
		{AAF78D53-A1DA-424A-B1AA-09895EAB3B2B}.Release|Any CPU.ActiveCfg = Release|Any CPU
		{AAF78D53-A1DA-424A-B1AA-09895EAB3B2B}.Release|Any CPU.Build.0 = Release|Any CPU
		{AAF78D53-A1DA-424A-B1AA-09895EAB3B2B}.Release|Mixed Platforms.ActiveCfg = Release|Any CPU
		{AAF78D53-A1DA-424A-B1AA-09895EAB3B2B}.Release|Mixed Platforms.Build.0 = Release|Any CPU
		{AAF78D53-A1DA-424A-B1AA-09895EAB3B2B}.Release|x86.ActiveCfg = Release|Any CPU
		{84FA2C3D-6B87-4FF3-8887-DA633AEB82F4}.Debug|Any CPU.ActiveCfg = Debug|x86
		{84FA2C3D-6B87-4FF3-8887-DA633AEB82F4}.Debug|Mixed Platforms.ActiveCfg = Debug|x86
		{84FA2C3D-6B87-4FF3-8887-DA633AEB82F4}.Debug|Mixed Platforms.Build.0 = Debug|x86
		{84FA2C3D-6B87-4FF3-8887-DA633AEB82F4}.Debug|x86.ActiveCfg = Debug|x86
		{84FA2C3D-6B87-4FF3-8887-DA633AEB82F4}.Debug|x86.Build.0 = Debug|x86
		{84FA2C3D-6B87-4FF3-8887-DA633AEB82F4}.Release|Any CPU.ActiveCfg = Release|x86
		{84FA2C3D-6B87-4FF3-8887-DA633AEB82F4}.Release|Mixed Platforms.ActiveCfg = Release|x86
		{84FA2C3D-6B87-4FF3-8887-DA633AEB82F4}.Release|Mixed Platforms.Build.0 = Release|x86
		{84FA2C3D-6B87-4FF3-8887-DA633AEB82F4}.Release|x86.ActiveCfg = Release|x86
		{84FA2C3D-6B87-4FF3-8887-DA633AEB82F4}.Release|x86.Build.0 = Release|x86
		{6582781B-BB53-4AB2-8676-61FC30286BA6}.Debug|Any CPU.ActiveCfg = Debug|x86
		{6582781B-BB53-4AB2-8676-61FC30286BA6}.Debug|Mixed Platforms.ActiveCfg = Debug|x86
		{6582781B-BB53-4AB2-8676-61FC30286BA6}.Debug|Mixed Platforms.Build.0 = Debug|x86
		{6582781B-BB53-4AB2-8676-61FC30286BA6}.Debug|x86.ActiveCfg = Debug|x86
		{6582781B-BB53-4AB2-8676-61FC30286BA6}.Debug|x86.Build.0 = Debug|x86
		{6582781B-BB53-4AB2-8676-61FC30286BA6}.Release|Any CPU.ActiveCfg = Release|x86
		{6582781B-BB53-4AB2-8676-61FC30286BA6}.Release|Mixed Platforms.ActiveCfg = Release|x86
		{6582781B-BB53-4AB2-8676-61FC30286BA6}.Release|Mixed Platforms.Build.0 = Release|x86
		{6582781B-BB53-4AB2-8676-61FC30286BA6}.Release|x86.ActiveCfg = Release|x86
		{6582781B-BB53-4AB2-8676-61FC30286BA6}.Release|x86.Build.0 = Release|x86
	EndGlobalSection
	GlobalSection(SolutionProperties) = preSolution
		HideSolutionNode = FALSE
	EndGlobalSection
EndGlobal
